
Microsoft Visual Studio Solution File, Format Version 12.00
# Visual Studio 2013
VisualStudioVersion = 12.0.40629.0
MinimumVisualStudioVersion = 10.0.40219.1
Project("{FAE04EC0-301F-11D3-BF4B-00C04F79EFBC}") = "LocalNetworkManager", "LocalNetworkManager\LocalNetworkManager.csproj", "{537EDFC5-F596-4977-A05B-C398DAAF546A}"
EndProject
Project("{FAE04EC0-301F-11D3-BF4B-00C04F79EFBC}") = "Util", "Util\Util.csproj", "{5CAA3DD0-B870-4FE3-800F-D37FF34E7865}"
EndProject
Project("{FAE04EC0-301F-11D3-BF4B-00C04F79EFBC}") = "DataModel", "DataModel\DataModel.csproj", "{2CE1F60B-7C91-4ABF-BDF8-292F32EEDCAE}"
EndProject
Global
	GlobalSection(SolutionConfigurationPlatforms) = preSolution
		Debug|Any CPU = Debug|Any CPU
		Release|Any CPU = Release|Any CPU
	EndGlobalSection
	GlobalSection(ProjectConfigurationPlatforms) = postSolution
		{537EDFC5-F596-4977-A05B-C398DAAF546A}.Debug|Any CPU.ActiveCfg = Debug|Any CPU
		{537EDFC5-F596-4977-A05B-C398DAAF546A}.Debug|Any CPU.Build.0 = Debug|Any CPU
		{537EDFC5-F596-4977-A05B-C398DAAF546A}.Release|Any CPU.ActiveCfg = Release|Any CPU
		{537EDFC5-F596-4977-A05B-C398DAAF546A}.Release|Any CPU.Build.0 = Release|Any CPU
		{5CAA3DD0-B870-4FE3-800F-D37FF34E7865}.Debug|Any CPU.ActiveCfg = Debug|Any CPU
		{5CAA3DD0-B870-4FE3-800F-D37FF34E7865}.Debug|Any CPU.Build.0 = Debug|Any CPU
		{5CAA3DD0-B870-4FE3-800F-D37FF34E7865}.Release|Any CPU.ActiveCfg = Release|Any CPU
		{5CAA3DD0-B870-4FE3-800F-D37FF34E7865}.Release|Any CPU.Build.0 = Release|Any CPU
		{2CE1F60B-7C91-4ABF-BDF8-292F32EEDCAE}.Debug|Any CPU.ActiveCfg = Debug|Any CPU
		{2CE1F60B-7C91-4ABF-BDF8-292F32EEDCAE}.Debug|Any CPU.Build.0 = Debug|Any CPU
		{2CE1F60B-7C91-4ABF-BDF8-292F32EEDCAE}.Release|Any CPU.ActiveCfg = Release|Any CPU
		{2CE1F60B-7C91-4ABF-BDF8-292F32EEDCAE}.Release|Any CPU.Build.0 = Release|Any CPU
	EndGlobalSection
	GlobalSection(SolutionProperties) = preSolution
		HideSolutionNode = FALSE
	EndGlobalSection
EndGlobal
